
Microsoft Visual Studio Solution File, Format Version 12.00
# Visual Studio Version 16
VisualStudioVersion = 16.0.30114.105
MinimumVisualStudioVersion = 10.0.40219.1
Project("{9A19103F-16F7-4668-BE54-9A1E7A4F7556}") = "Engine", "Engine\Engine.csproj", "{C5A63388-9756-4445-A4F7-D6079297BCCA}"
EndProject
Project("{9A19103F-16F7-4668-BE54-9A1E7A4F7556}") = "Engine.Core", "Engine.Core\Engine.Core.csproj", "{0EC9135F-19CD-403E-B4BD-63239CD6EBFA}"
EndProject
Project("{9A19103F-16F7-4668-BE54-9A1E7A4F7556}") = "Engine.Render", "Engine.Render\Engine.Render.csproj", "{C000EB3D-7388-4808-9ACA-4293F5BCBD31}"
EndProject
Project("{9A19103F-16F7-4668-BE54-9A1E7A4F7556}") = "Evolution", "Evolution\Evolution.csproj", "{114A344D-0D88-4D24-B31D-D6F7901CB40F}"
EndProject
Project("{9A19103F-16F7-4668-BE54-9A1E7A4F7556}") = "Engine.Grid", "Engine.Grid\Engine.Grid.csproj", "{7E39E3C0-16E9-4679-B42F-675521DAF49D}"
EndProject
Project("{9A19103F-16F7-4668-BE54-9A1E7A4F7556}") = "Engine.Terrain", "Engine.Terrain\Engine.Terrain.csproj", "{C885D4FF-9B5F-460D-BE67-BA85696A8FFF}"
EndProject
Project("{9A19103F-16F7-4668-BE54-9A1E7A4F7556}") = "Engine.UI", "Engine.UI\Engine.UI.csproj", "{3E71CD72-BEA7-468D-BA9A-3083C30E3E0B}"
EndProject
Project("{9A19103F-16F7-4668-BE54-9A1E7A4F7556}") = "Engine.Render.Core", "Engine.Render.Core\Engine.Render.Core.csproj", "{37B59056-C4FD-475C-BC2D-5AE3E20EF98F}"
EndProject
Project("{9A19103F-16F7-4668-BE54-9A1E7A4F7556}") = "Evolution.Content", "Evolution.Content\Evolution.Content.csproj", "{315E8326-E111-4135-9B74-9EE643D8ED3B}"
EndProject
Project("{9A19103F-16F7-4668-BE54-9A1E7A4F7556}") = "Evolution.Environment", "Evolution.Environment\Evolution.Environment.csproj", "{54DC7C64-4A37-40F6-975A-4CC72A1F92BA}"
EndProject
Project("{9A19103F-16F7-4668-BE54-9A1E7A4F7556}") = "Evolution.Genetics", "Evolution.Genetics\Evolution.Genetics.csproj", "{DC318F2B-92BA-41E5-95FE-0FDCC556A5EF}"
EndProject
Project("{9A19103F-16F7-4668-BE54-9A1E7A4F7556}") = "Evolution.Genetics.Tests", "Evolution.Genetics.Tests\Evolution.Genetics.Tests.csproj", "{447E9C17-1E97-4C6B-8D4C-625FCE9CD4B3}"
EndProject
Project("{FAE04EC0-301F-11D3-BF4B-00C04F79EFBC}") = "Engine.Physics", "Engine.Physics\Engine.Physics.csproj", "{0784F870-3C47-43DB-9C05-1BBA98689011}"
EndProject
Project("{FAE04EC0-301F-11D3-BF4B-00C04F79EFBC}") = "Engine.Physics.Core", "Engine.Physics.Core\Engine.Physics.Core.csproj", "{23E90279-DD64-4F6D-B388-3A0C7361F42C}"
EndProject
Global
	GlobalSection(SolutionConfigurationPlatforms) = preSolution
		Debug|Any CPU = Debug|Any CPU
		Release|Any CPU = Release|Any CPU
	EndGlobalSection
	GlobalSection(ProjectConfigurationPlatforms) = postSolution
		{C5A63388-9756-4445-A4F7-D6079297BCCA}.Debug|Any CPU.ActiveCfg = Debug|Any CPU
		{C5A63388-9756-4445-A4F7-D6079297BCCA}.Debug|Any CPU.Build.0 = Debug|Any CPU
		{C5A63388-9756-4445-A4F7-D6079297BCCA}.Release|Any CPU.ActiveCfg = Release|Any CPU
		{C5A63388-9756-4445-A4F7-D6079297BCCA}.Release|Any CPU.Build.0 = Release|Any CPU
		{0EC9135F-19CD-403E-B4BD-63239CD6EBFA}.Debug|Any CPU.ActiveCfg = Debug|Any CPU
		{0EC9135F-19CD-403E-B4BD-63239CD6EBFA}.Debug|Any CPU.Build.0 = Debug|Any CPU
		{0EC9135F-19CD-403E-B4BD-63239CD6EBFA}.Release|Any CPU.ActiveCfg = Release|Any CPU
		{0EC9135F-19CD-403E-B4BD-63239CD6EBFA}.Release|Any CPU.Build.0 = Release|Any CPU
		{C000EB3D-7388-4808-9ACA-4293F5BCBD31}.Debug|Any CPU.ActiveCfg = Debug|Any CPU
		{C000EB3D-7388-4808-9ACA-4293F5BCBD31}.Debug|Any CPU.Build.0 = Debug|Any CPU
		{C000EB3D-7388-4808-9ACA-4293F5BCBD31}.Release|Any CPU.ActiveCfg = Release|Any CPU
		{C000EB3D-7388-4808-9ACA-4293F5BCBD31}.Release|Any CPU.Build.0 = Release|Any CPU
		{114A344D-0D88-4D24-B31D-D6F7901CB40F}.Debug|Any CPU.ActiveCfg = Debug|Any CPU
		{114A344D-0D88-4D24-B31D-D6F7901CB40F}.Debug|Any CPU.Build.0 = Debug|Any CPU
		{114A344D-0D88-4D24-B31D-D6F7901CB40F}.Release|Any CPU.ActiveCfg = Release|Any CPU
		{114A344D-0D88-4D24-B31D-D6F7901CB40F}.Release|Any CPU.Build.0 = Release|Any CPU
		{7E39E3C0-16E9-4679-B42F-675521DAF49D}.Debug|Any CPU.ActiveCfg = Debug|Any CPU
		{7E39E3C0-16E9-4679-B42F-675521DAF49D}.Debug|Any CPU.Build.0 = Debug|Any CPU
		{7E39E3C0-16E9-4679-B42F-675521DAF49D}.Release|Any CPU.ActiveCfg = Release|Any CPU
		{7E39E3C0-16E9-4679-B42F-675521DAF49D}.Release|Any CPU.Build.0 = Release|Any CPU
		{C885D4FF-9B5F-460D-BE67-BA85696A8FFF}.Debug|Any CPU.ActiveCfg = Debug|Any CPU
		{C885D4FF-9B5F-460D-BE67-BA85696A8FFF}.Debug|Any CPU.Build.0 = Debug|Any CPU
		{C885D4FF-9B5F-460D-BE67-BA85696A8FFF}.Release|Any CPU.ActiveCfg = Release|Any CPU
		{C885D4FF-9B5F-460D-BE67-BA85696A8FFF}.Release|Any CPU.Build.0 = Release|Any CPU
		{3E71CD72-BEA7-468D-BA9A-3083C30E3E0B}.Debug|Any CPU.ActiveCfg = Debug|Any CPU
		{3E71CD72-BEA7-468D-BA9A-3083C30E3E0B}.Debug|Any CPU.Build.0 = Debug|Any CPU
		{3E71CD72-BEA7-468D-BA9A-3083C30E3E0B}.Release|Any CPU.ActiveCfg = Release|Any CPU
		{3E71CD72-BEA7-468D-BA9A-3083C30E3E0B}.Release|Any CPU.Build.0 = Release|Any CPU
		{37B59056-C4FD-475C-BC2D-5AE3E20EF98F}.Debug|Any CPU.ActiveCfg = Debug|Any CPU
		{37B59056-C4FD-475C-BC2D-5AE3E20EF98F}.Debug|Any CPU.Build.0 = Debug|Any CPU
		{37B59056-C4FD-475C-BC2D-5AE3E20EF98F}.Release|Any CPU.ActiveCfg = Release|Any CPU
		{37B59056-C4FD-475C-BC2D-5AE3E20EF98F}.Release|Any CPU.Build.0 = Release|Any CPU
		{315E8326-E111-4135-9B74-9EE643D8ED3B}.Debug|Any CPU.ActiveCfg = Debug|Any CPU
		{315E8326-E111-4135-9B74-9EE643D8ED3B}.Debug|Any CPU.Build.0 = Debug|Any CPU
		{315E8326-E111-4135-9B74-9EE643D8ED3B}.Release|Any CPU.ActiveCfg = Release|Any CPU
		{315E8326-E111-4135-9B74-9EE643D8ED3B}.Release|Any CPU.Build.0 = Release|Any CPU
		{54DC7C64-4A37-40F6-975A-4CC72A1F92BA}.Debug|Any CPU.ActiveCfg = Debug|Any CPU
		{54DC7C64-4A37-40F6-975A-4CC72A1F92BA}.Debug|Any CPU.Build.0 = Debug|Any CPU
		{54DC7C64-4A37-40F6-975A-4CC72A1F92BA}.Release|Any CPU.ActiveCfg = Release|Any CPU
		{54DC7C64-4A37-40F6-975A-4CC72A1F92BA}.Release|Any CPU.Build.0 = Release|Any CPU
		{DC318F2B-92BA-41E5-95FE-0FDCC556A5EF}.Debug|Any CPU.ActiveCfg = Debug|Any CPU
		{DC318F2B-92BA-41E5-95FE-0FDCC556A5EF}.Debug|Any CPU.Build.0 = Debug|Any CPU
		{DC318F2B-92BA-41E5-95FE-0FDCC556A5EF}.Release|Any CPU.ActiveCfg = Release|Any CPU
		{DC318F2B-92BA-41E5-95FE-0FDCC556A5EF}.Release|Any CPU.Build.0 = Release|Any CPU
		{447E9C17-1E97-4C6B-8D4C-625FCE9CD4B3}.Debug|Any CPU.ActiveCfg = Debug|Any CPU
		{447E9C17-1E97-4C6B-8D4C-625FCE9CD4B3}.Debug|Any CPU.Build.0 = Debug|Any CPU
		{447E9C17-1E97-4C6B-8D4C-625FCE9CD4B3}.Release|Any CPU.ActiveCfg = Release|Any CPU
		{447E9C17-1E97-4C6B-8D4C-625FCE9CD4B3}.Release|Any CPU.Build.0 = Release|Any CPU
		{0784F870-3C47-43DB-9C05-1BBA98689011}.Debug|Any CPU.ActiveCfg = Debug|Any CPU
		{0784F870-3C47-43DB-9C05-1BBA98689011}.Debug|Any CPU.Build.0 = Debug|Any CPU
		{0784F870-3C47-43DB-9C05-1BBA98689011}.Release|Any CPU.ActiveCfg = Release|Any CPU
		{0784F870-3C47-43DB-9C05-1BBA98689011}.Release|Any CPU.Build.0 = Release|Any CPU
		{23E90279-DD64-4F6D-B388-3A0C7361F42C}.Debug|Any CPU.ActiveCfg = Debug|Any CPU
		{23E90279-DD64-4F6D-B388-3A0C7361F42C}.Debug|Any CPU.Build.0 = Debug|Any CPU
		{23E90279-DD64-4F6D-B388-3A0C7361F42C}.Release|Any CPU.ActiveCfg = Release|Any CPU
		{23E90279-DD64-4F6D-B388-3A0C7361F42C}.Release|Any CPU.Build.0 = Release|Any CPU
	EndGlobalSection
	GlobalSection(SolutionProperties) = preSolution
		HideSolutionNode = FALSE
	EndGlobalSection
	GlobalSection(ExtensibilityGlobals) = postSolution
		SolutionGuid = {FA08E090-F9F6-49D3-A68B-FEE565F20A2E}
	EndGlobalSection
EndGlobal
